// !$*UTF8*$!
{
	archiveVersion = 1;
	classes = {
	};
	objectVersion = 48;
	objects = {

/* Begin PBXBuildFile section */
		6381021E1FDB99FA004E5197 /* MenuViewController.swift in Sources */ = {isa = PBXBuildFile; fileRef = 6381021D1FDB99FA004E5197 /* MenuViewController.swift */; };
		638102201FDB9E7B004E5197 /* PhotoIdentificationViewController.swift in Sources */ = {isa = PBXBuildFile; fileRef = 6381021F1FDB9E7B004E5197 /* PhotoIdentificationViewController.swift */; };
		63892A9A1FDE202D00739DCF /* MapViewController.swift in Sources */ = {isa = PBXBuildFile; fileRef = 63892A991FDE202D00739DCF /* MapViewController.swift */; };
		63892A9C1FDE227A00739DCF /* LocationFinder.swift in Sources */ = {isa = PBXBuildFile; fileRef = 63892A9B1FDE227A00739DCF /* LocationFinder.swift */; };
		6391A3D41FDC8E7300F159E8 /* WikipediaResult.swift in Sources */ = {isa = PBXBuildFile; fileRef = 6391A3D31FDC8E7300F159E8 /* WikipediaResult.swift */; };
		6391A3D61FDC8E8A00F159E8 /* GoogleVisionResult.swift in Sources */ = {isa = PBXBuildFile; fileRef = 6391A3D51FDC8E8A00F159E8 /* GoogleVisionResult.swift */; };
		6391A3D81FDC8EA700F159E8 /* WikipediaAPIManager.swift in Sources */ = {isa = PBXBuildFile; fileRef = 6391A3D71FDC8EA700F159E8 /* WikipediaAPIManager.swift */; };
		6391A3DA1FDC8F1B00F159E8 /* GoogleVisionAPIManager.swift in Sources */ = {isa = PBXBuildFile; fileRef = 6391A3D91FDC8F1B00F159E8 /* GoogleVisionAPIManager.swift */; };
		6391A3DC1FDC8F3200F159E8 /* PersistanceManager.swift in Sources */ = {isa = PBXBuildFile; fileRef = 6391A3DB1FDC8F3200F159E8 /* PersistanceManager.swift */; };
		6391A3DE1FDC8F4D00F159E8 /* PhotoDetailsViewController.swift in Sources */ = {isa = PBXBuildFile; fileRef = 6391A3DD1FDC8F4D00F159E8 /* PhotoDetailsViewController.swift */; };
		6391A3E01FDC8F9000F159E8 /* FavoritePhotosTableViewController.swift in Sources */ = {isa = PBXBuildFile; fileRef = 6391A3DF1FDC8F9000F159E8 /* FavoritePhotosTableViewController.swift */; };
		6391A3E41FDCC75B00F159E8 /* Favorite.swift in Sources */ = {isa = PBXBuildFile; fileRef = 6391A3E31FDCC75B00F159E8 /* Favorite.swift */; };
		6391A3E61FDCCBC800F159E8 /* SearchTimelineViewController.swift in Sources */ = {isa = PBXBuildFile; fileRef = 6391A3E51FDCCBC800F159E8 /* SearchTimelineViewController.swift */; };
		6391A3E81FDCDBDE00F159E8 /* Default-568h@2x.png in Resources */ = {isa = PBXBuildFile; fileRef = 6391A3E71FDCDBDE00F159E8 /* Default-568h@2x.png */; };
		63FD940B1FD60B9C001EA53E /* AppDelegate.swift in Sources */ = {isa = PBXBuildFile; fileRef = 63FD940A1FD60B9C001EA53E /* AppDelegate.swift */; };
		63FD94101FD60B9C001EA53E /* Main.storyboard in Resources */ = {isa = PBXBuildFile; fileRef = 63FD940E1FD60B9C001EA53E /* Main.storyboard */; };
		63FD94121FD60B9C001EA53E /* Assets.xcassets in Resources */ = {isa = PBXBuildFile; fileRef = 63FD94111FD60B9C001EA53E /* Assets.xcassets */; };
		63FD94151FD60B9C001EA53E /* LaunchScreen.storyboard in Resources */ = {isa = PBXBuildFile; fileRef = 63FD94131FD60B9C001EA53E /* LaunchScreen.storyboard */; };
		CF746C4B0923C58EABA2B700 /* Pods_WatsDat.framework in Frameworks */ = {isa = PBXBuildFile; fileRef = C3D65B7A93109BDEFCA77ACD /* Pods_WatsDat.framework */; };
/* End PBXBuildFile section */

/* Begin PBXFileReference section */
		075A472147ED87B8067AE6C8 /* Pods-WatsDat.release.xcconfig */ = {isa = PBXFileReference; includeInIndex = 1; lastKnownFileType = text.xcconfig; name = "Pods-WatsDat.release.xcconfig"; path = "Pods/Target Support Files/Pods-WatsDat/Pods-WatsDat.release.xcconfig"; sourceTree = "<group>"; };
		6381021D1FDB99FA004E5197 /* MenuViewController.swift */ = {isa = PBXFileReference; lastKnownFileType = sourcecode.swift; path = MenuViewController.swift; sourceTree = "<group>"; };
		6381021F1FDB9E7B004E5197 /* PhotoIdentificationViewController.swift */ = {isa = PBXFileReference; lastKnownFileType = sourcecode.swift; path = PhotoIdentificationViewController.swift; sourceTree = "<group>"; };
		63892A991FDE202D00739DCF /* MapViewController.swift */ = {isa = PBXFileReference; lastKnownFileType = sourcecode.swift; path = MapViewController.swift; sourceTree = "<group>"; };
		63892A9B1FDE227A00739DCF /* LocationFinder.swift */ = {isa = PBXFileReference; lastKnownFileType = sourcecode.swift; path = LocationFinder.swift; sourceTree = "<group>"; };
		6391A3D31FDC8E7300F159E8 /* WikipediaResult.swift */ = {isa = PBXFileReference; lastKnownFileType = sourcecode.swift; path = WikipediaResult.swift; sourceTree = "<group>"; };
		6391A3D51FDC8E8A00F159E8 /* GoogleVisionResult.swift */ = {isa = PBXFileReference; lastKnownFileType = sourcecode.swift; path = GoogleVisionResult.swift; sourceTree = "<group>"; };
		6391A3D71FDC8EA700F159E8 /* WikipediaAPIManager.swift */ = {isa = PBXFileReference; lastKnownFileType = sourcecode.swift; path = WikipediaAPIManager.swift; sourceTree = "<group>"; };
		6391A3D91FDC8F1B00F159E8 /* GoogleVisionAPIManager.swift */ = {isa = PBXFileReference; lastKnownFileType = sourcecode.swift; path = GoogleVisionAPIManager.swift; sourceTree = "<group>"; };
		6391A3DB1FDC8F3200F159E8 /* PersistanceManager.swift */ = {isa = PBXFileReference; lastKnownFileType = sourcecode.swift; path = PersistanceManager.swift; sourceTree = "<group>"; };
		6391A3DD1FDC8F4D00F159E8 /* PhotoDetailsViewController.swift */ = {isa = PBXFileReference; lastKnownFileType = sourcecode.swift; path = PhotoDetailsViewController.swift; sourceTree = "<group>"; };
		6391A3DF1FDC8F9000F159E8 /* FavoritePhotosTableViewController.swift */ = {isa = PBXFileReference; lastKnownFileType = sourcecode.swift; path = FavoritePhotosTableViewController.swift; sourceTree = "<group>"; };
		6391A3E31FDCC75B00F159E8 /* Favorite.swift */ = {isa = PBXFileReference; lastKnownFileType = sourcecode.swift; path = Favorite.swift; sourceTree = "<group>"; };
		6391A3E51FDCCBC800F159E8 /* SearchTimelineViewController.swift */ = {isa = PBXFileReference; lastKnownFileType = sourcecode.swift; path = SearchTimelineViewController.swift; sourceTree = "<group>"; };
		6391A3E71FDCDBDE00F159E8 /* Default-568h@2x.png */ = {isa = PBXFileReference; lastKnownFileType = image.png; path = "Default-568h@2x.png"; sourceTree = "<group>"; };
		63FD94071FD60B9C001EA53E /* WatsDat.app */ = {isa = PBXFileReference; explicitFileType = wrapper.application; includeInIndex = 0; path = WatsDat.app; sourceTree = BUILT_PRODUCTS_DIR; };
		63FD940A1FD60B9C001EA53E /* AppDelegate.swift */ = {isa = PBXFileReference; lastKnownFileType = sourcecode.swift; path = AppDelegate.swift; sourceTree = "<group>"; };
		63FD940F1FD60B9C001EA53E /* Base */ = {isa = PBXFileReference; lastKnownFileType = file.storyboard; name = Base; path = Base.lproj/Main.storyboard; sourceTree = "<group>"; };
		63FD94111FD60B9C001EA53E /* Assets.xcassets */ = {isa = PBXFileReference; lastKnownFileType = folder.assetcatalog; path = Assets.xcassets; sourceTree = "<group>"; };
		63FD94141FD60B9C001EA53E /* Base */ = {isa = PBXFileReference; lastKnownFileType = file.storyboard; name = Base; path = Base.lproj/LaunchScreen.storyboard; sourceTree = "<group>"; };
		63FD94161FD60B9C001EA53E /* Info.plist */ = {isa = PBXFileReference; lastKnownFileType = text.plist.xml; path = Info.plist; sourceTree = "<group>"; };
		900B72182C40E969DF4A2061 /* Pods-WatsDat.debug.xcconfig */ = {isa = PBXFileReference; includeInIndex = 1; lastKnownFileType = text.xcconfig; name = "Pods-WatsDat.debug.xcconfig"; path = "Pods/Target Support Files/Pods-WatsDat/Pods-WatsDat.debug.xcconfig"; sourceTree = "<group>"; };
		C3D65B7A93109BDEFCA77ACD /* Pods_WatsDat.framework */ = {isa = PBXFileReference; explicitFileType = wrapper.framework; includeInIndex = 0; path = Pods_WatsDat.framework; sourceTree = BUILT_PRODUCTS_DIR; };
/* End PBXFileReference section */

/* Begin PBXFrameworksBuildPhase section */
		63FD94041FD60B9C001EA53E /* Frameworks */ = {
			isa = PBXFrameworksBuildPhase;
			buildActionMask = 2147483647;
			files = (
				CF746C4B0923C58EABA2B700 /* Pods_WatsDat.framework in Frameworks */,
			);
			runOnlyForDeploymentPostprocessing = 0;
		};
/* End PBXFrameworksBuildPhase section */

/* Begin PBXGroup section */
		638102101FDB946D004E5197 /* views */ = {
			isa = PBXGroup;
			children = (
				6381021D1FDB99FA004E5197 /* MenuViewController.swift */,
				6381021F1FDB9E7B004E5197 /* PhotoIdentificationViewController.swift */,
				6391A3DD1FDC8F4D00F159E8 /* PhotoDetailsViewController.swift */,
				6391A3DF1FDC8F9000F159E8 /* FavoritePhotosTableViewController.swift */,
				6391A3E51FDCCBC800F159E8 /* SearchTimelineViewController.swift */,
				63892A991FDE202D00739DCF /* MapViewController.swift */,
			);
			path = views;
			sourceTree = "<group>";
		};
		6391A3D11FDC8E2E00F159E8 /* utils */ = {
			isa = PBXGroup;
			children = (
				6391A3D71FDC8EA700F159E8 /* WikipediaAPIManager.swift */,
				6391A3D91FDC8F1B00F159E8 /* GoogleVisionAPIManager.swift */,
				6391A3DB1FDC8F3200F159E8 /* PersistanceManager.swift */,
				63892A9B1FDE227A00739DCF /* LocationFinder.swift */,
			);
			name = utils;
			path = "New Group";
			sourceTree = "<group>";
		};
		6391A3D21FDC8E4700F159E8 /* models */ = {
			isa = PBXGroup;
			children = (
				6391A3D31FDC8E7300F159E8 /* WikipediaResult.swift */,
				6391A3D51FDC8E8A00F159E8 /* GoogleVisionResult.swift */,
				6391A3E31FDCC75B00F159E8 /* Favorite.swift */,
			);
			path = models;
			sourceTree = "<group>";
		};
		63FD93FE1FD60B9C001EA53E = {
			isa = PBXGroup;
			children = (
				6391A3E71FDCDBDE00F159E8 /* Default-568h@2x.png */,
				63FD94091FD60B9C001EA53E /* WatsDat */,
				63FD94081FD60B9C001EA53E /* Products */,
				A8CB9778B0853D7C95CD73F0 /* Pods */,
				7AAA57463F55B7FB5349F696 /* Frameworks */,
			);
			sourceTree = "<group>";
		};
		63FD94081FD60B9C001EA53E /* Products */ = {
			isa = PBXGroup;
			children = (
				63FD94071FD60B9C001EA53E /* WatsDat.app */,
			);
			name = Products;
			sourceTree = "<group>";
		};
		63FD94091FD60B9C001EA53E /* WatsDat */ = {
			isa = PBXGroup;
			children = (
				6391A3D21FDC8E4700F159E8 /* models */,
				6391A3D11FDC8E2E00F159E8 /* utils */,
				638102101FDB946D004E5197 /* views */,
				63FD940A1FD60B9C001EA53E /* AppDelegate.swift */,
				63FD940E1FD60B9C001EA53E /* Main.storyboard */,
				63FD94111FD60B9C001EA53E /* Assets.xcassets */,
				63FD94131FD60B9C001EA53E /* LaunchScreen.storyboard */,
				63FD94161FD60B9C001EA53E /* Info.plist */,
			);
			path = WatsDat;
			sourceTree = "<group>";
		};
		7AAA57463F55B7FB5349F696 /* Frameworks */ = {
			isa = PBXGroup;
			children = (
				C3D65B7A93109BDEFCA77ACD /* Pods_WatsDat.framework */,
			);
			name = Frameworks;
			sourceTree = "<group>";
		};
		A8CB9778B0853D7C95CD73F0 /* Pods */ = {
			isa = PBXGroup;
			children = (
				900B72182C40E969DF4A2061 /* Pods-WatsDat.debug.xcconfig */,
				075A472147ED87B8067AE6C8 /* Pods-WatsDat.release.xcconfig */,
			);
			name = Pods;
			sourceTree = "<group>";
		};
/* End PBXGroup section */

/* Begin PBXNativeTarget section */
		63FD94061FD60B9C001EA53E /* WatsDat */ = {
			isa = PBXNativeTarget;
			buildConfigurationList = 63FD94191FD60B9C001EA53E /* Build configuration list for PBXNativeTarget "WatsDat" */;
			buildPhases = (
				DFAC848C0A4098CD28E28C9C /* [CP] Check Pods Manifest.lock */,
				63FD94031FD60B9C001EA53E /* Sources */,
				63FD94041FD60B9C001EA53E /* Frameworks */,
				63FD94051FD60B9C001EA53E /* Resources */,
				B3F38B9A73BCC46ECCF33B66 /* [CP] Embed Pods Frameworks */,
				62BC0826E40FF8FBF3168D93 /* [CP] Copy Pods Resources */,
			);
			buildRules = (
			);
			dependencies = (
			);
			name = WatsDat;
			productName = WatsDat;
			productReference = 63FD94071FD60B9C001EA53E /* WatsDat.app */;
			productType = "com.apple.product-type.application";
		};
/* End PBXNativeTarget section */

/* Begin PBXProject section */
		63FD93FF1FD60B9C001EA53E /* Project object */ = {
			isa = PBXProject;
			attributes = {
				LastSwiftUpdateCheck = 0910;
				LastUpgradeCheck = 0910;
				ORGANIZATIONNAME = "Swati Raghuwanshi";
				TargetAttributes = {
					63FD94061FD60B9C001EA53E = {
						CreatedOnToolsVersion = 9.1;
						ProvisioningStyle = Automatic;
					};
				};
			};
			buildConfigurationList = 63FD94021FD60B9C001EA53E /* Build configuration list for PBXProject "WatsDat" */;
			compatibilityVersion = "Xcode 8.0";
			developmentRegion = en;
			hasScannedForEncodings = 0;
			knownRegions = (
				en,
				Base,
			);
			mainGroup = 63FD93FE1FD60B9C001EA53E;
			productRefGroup = 63FD94081FD60B9C001EA53E /* Products */;
			projectDirPath = "";
			projectRoot = "";
			targets = (
				63FD94061FD60B9C001EA53E /* WatsDat */,
			);
		};
/* End PBXProject section */

/* Begin PBXResourcesBuildPhase section */
		63FD94051FD60B9C001EA53E /* Resources */ = {
			isa = PBXResourcesBuildPhase;
			buildActionMask = 2147483647;
			files = (
				63FD94151FD60B9C001EA53E /* LaunchScreen.storyboard in Resources */,
				6391A3E81FDCDBDE00F159E8 /* Default-568h@2x.png in Resources */,
				63FD94121FD60B9C001EA53E /* Assets.xcassets in Resources */,
				63FD94101FD60B9C001EA53E /* Main.storyboard in Resources */,
			);
			runOnlyForDeploymentPostprocessing = 0;
		};
/* End PBXResourcesBuildPhase section */

/* Begin PBXShellScriptBuildPhase section */
		62BC0826E40FF8FBF3168D93 /* [CP] Copy Pods Resources */ = {
			isa = PBXShellScriptBuildPhase;
			buildActionMask = 2147483647;
			files = (
			);
			inputPaths = (
				"${SRCROOT}/Pods/Target Support Files/Pods-WatsDat/Pods-WatsDat-resources.sh",
				"${PODS_ROOT}/TwitterKit/iOS/TwitterKit.framework/TwitterKitResources.bundle",
				"${PODS_ROOT}/TwitterKit/iOS/TwitterKit.framework/TwitterShareExtensionUIResources.bundle",
			);
			name = "[CP] Copy Pods Resources";
			outputPaths = (
				"${TARGET_BUILD_DIR}/${UNLOCALIZED_RESOURCES_FOLDER_PATH}",
			);
			runOnlyForDeploymentPostprocessing = 0;
			shellPath = /bin/sh;
			shellScript = "\"${SRCROOT}/Pods/Target Support Files/Pods-WatsDat/Pods-WatsDat-resources.sh\"\n";
			showEnvVarsInLog = 0;
		};
		B3F38B9A73BCC46ECCF33B66 /* [CP] Embed Pods Frameworks */ = {
			isa = PBXShellScriptBuildPhase;
			buildActionMask = 2147483647;
			files = (
			);
			inputPaths = (
				"${SRCROOT}/Pods/Target Support Files/Pods-WatsDat/Pods-WatsDat-frameworks.sh",
				"${BUILT_PRODUCTS_DIR}/MBProgressHUD/MBProgressHUD.framework",
				"${BUILT_PRODUCTS_DIR}/SwiftyJSON/SwiftyJSON.framework",
			);
			name = "[CP] Embed Pods Frameworks";
			outputPaths = (
				"${TARGET_BUILD_DIR}/${FRAMEWORKS_FOLDER_PATH}/MBProgressHUD.framework",
				"${TARGET_BUILD_DIR}/${FRAMEWORKS_FOLDER_PATH}/SwiftyJSON.framework",
			);
			runOnlyForDeploymentPostprocessing = 0;
			shellPath = /bin/sh;
			shellScript = "\"${SRCROOT}/Pods/Target Support Files/Pods-WatsDat/Pods-WatsDat-frameworks.sh\"\n";
			showEnvVarsInLog = 0;
		};
		DFAC848C0A4098CD28E28C9C /* [CP] Check Pods Manifest.lock */ = {
			isa = PBXShellScriptBuildPhase;
			buildActionMask = 2147483647;
			files = (
			);
			inputPaths = (
				"${PODS_PODFILE_DIR_PATH}/Podfile.lock",
				"${PODS_ROOT}/Manifest.lock",
			);
			name = "[CP] Check Pods Manifest.lock";
			outputPaths = (
				"$(DERIVED_FILE_DIR)/Pods-WatsDat-checkManifestLockResult.txt",
			);
			runOnlyForDeploymentPostprocessing = 0;
			shellPath = /bin/sh;
			shellScript = "diff \"${PODS_PODFILE_DIR_PATH}/Podfile.lock\" \"${PODS_ROOT}/Manifest.lock\" > /dev/null\nif [ $? != 0 ] ; then\n    # print error to STDERR\n    echo \"error: The sandbox is not in sync with the Podfile.lock. Run 'pod install' or update your CocoaPods installation.\" >&2\n    exit 1\nfi\n# This output is used by Xcode 'outputs' to avoid re-running this script phase.\necho \"SUCCESS\" > \"${SCRIPT_OUTPUT_FILE_0}\"\n";
			showEnvVarsInLog = 0;
		};
/* End PBXShellScriptBuildPhase section */

/* Begin PBXSourcesBuildPhase section */
		63FD94031FD60B9C001EA53E /* Sources */ = {
			isa = PBXSourcesBuildPhase;
			buildActionMask = 2147483647;
			files = (
				63FD940B1FD60B9C001EA53E /* AppDelegate.swift in Sources */,
				6391A3DA1FDC8F1B00F159E8 /* GoogleVisionAPIManager.swift in Sources */,
				638102201FDB9E7B004E5197 /* PhotoIdentificationViewController.swift in Sources */,
				6391A3D81FDC8EA700F159E8 /* WikipediaAPIManager.swift in Sources */,
				6391A3D61FDC8E8A00F159E8 /* GoogleVisionResult.swift in Sources */,
				6391A3DE1FDC8F4D00F159E8 /* PhotoDetailsViewController.swift in Sources */,
				63892A9A1FDE202D00739DCF /* MapViewController.swift in Sources */,
				6391A3E41FDCC75B00F159E8 /* Favorite.swift in Sources */,
				6391A3D41FDC8E7300F159E8 /* WikipediaResult.swift in Sources */,
				6381021E1FDB99FA004E5197 /* MenuViewController.swift in Sources */,
				63892A9C1FDE227A00739DCF /* LocationFinder.swift in Sources */,
				6391A3E01FDC8F9000F159E8 /* FavoritePhotosTableViewController.swift in Sources */,
				6391A3E61FDCCBC800F159E8 /* SearchTimelineViewController.swift in Sources */,
				6391A3DC1FDC8F3200F159E8 /* PersistanceManager.swift in Sources */,
			);
			runOnlyForDeploymentPostprocessing = 0;
		};
/* End PBXSourcesBuildPhase section */

/* Begin PBXVariantGroup section */
		63FD940E1FD60B9C001EA53E /* Main.storyboard */ = {
			isa = PBXVariantGroup;
			children = (
				63FD940F1FD60B9C001EA53E /* Base */,
			);
			name = Main.storyboard;
			sourceTree = "<group>";
		};
		63FD94131FD60B9C001EA53E /* LaunchScreen.storyboard */ = {
			isa = PBXVariantGroup;
			children = (
				63FD94141FD60B9C001EA53E /* Base */,
			);
			name = LaunchScreen.storyboard;
			sourceTree = "<group>";
		};
/* End PBXVariantGroup section */

/* Begin XCBuildConfiguration section */
		63FD94171FD60B9C001EA53E /* Debug */ = {
			isa = XCBuildConfiguration;
			buildSettings = {
				ALWAYS_SEARCH_USER_PATHS = NO;
				CLANG_ANALYZER_NONNULL = YES;
				CLANG_ANALYZER_NUMBER_OBJECT_CONVERSION = YES_AGGRESSIVE;
				CLANG_CXX_LANGUAGE_STANDARD = "gnu++14";
				CLANG_CXX_LIBRARY = "libc++";
				CLANG_ENABLE_MODULES = YES;
				CLANG_ENABLE_OBJC_ARC = YES;
				CLANG_WARN_BLOCK_CAPTURE_AUTORELEASING = YES;
				CLANG_WARN_BOOL_CONVERSION = YES;
				CLANG_WARN_COMMA = YES;
				CLANG_WARN_CONSTANT_CONVERSION = YES;
				CLANG_WARN_DIRECT_OBJC_ISA_USAGE = YES_ERROR;
				CLANG_WARN_DOCUMENTATION_COMMENTS = YES;
				CLANG_WARN_EMPTY_BODY = YES;
				CLANG_WARN_ENUM_CONVERSION = YES;
				CLANG_WARN_INFINITE_RECURSION = YES;
				CLANG_WARN_INT_CONVERSION = YES;
				CLANG_WARN_NON_LITERAL_NULL_CONVERSION = YES;
				CLANG_WARN_OBJC_LITERAL_CONVERSION = YES;
				CLANG_WARN_OBJC_ROOT_CLASS = YES_ERROR;
				CLANG_WARN_RANGE_LOOP_ANALYSIS = YES;
				CLANG_WARN_STRICT_PROTOTYPES = YES;
				CLANG_WARN_SUSPICIOUS_MOVE = YES;
				CLANG_WARN_UNGUARDED_AVAILABILITY = YES_AGGRESSIVE;
				CLANG_WARN_UNREACHABLE_CODE = YES;
				CLANG_WARN__DUPLICATE_METHOD_MATCH = YES;
				CODE_SIGN_IDENTITY = "iPhone Developer";
				COPY_PHASE_STRIP = NO;
				DEBUG_INFORMATION_FORMAT = dwarf;
				ENABLE_STRICT_OBJC_MSGSEND = YES;
				ENABLE_TESTABILITY = YES;
				GCC_C_LANGUAGE_STANDARD = gnu11;
				GCC_DYNAMIC_NO_PIC = NO;
				GCC_NO_COMMON_BLOCKS = YES;
				GCC_OPTIMIZATION_LEVEL = 0;
				GCC_PREPROCESSOR_DEFINITIONS = (
					"DEBUG=1",
					"$(inherited)",
				);
				GCC_WARN_64_TO_32_BIT_CONVERSION = YES;
				GCC_WARN_ABOUT_RETURN_TYPE = YES_ERROR;
				GCC_WARN_UNDECLARED_SELECTOR = YES;
				GCC_WARN_UNINITIALIZED_AUTOS = YES_AGGRESSIVE;
				GCC_WARN_UNUSED_FUNCTION = YES;
				GCC_WARN_UNUSED_VARIABLE = YES;
				IPHONEOS_DEPLOYMENT_TARGET = 11.1;
				MTL_ENABLE_DEBUG_INFO = YES;
				ONLY_ACTIVE_ARCH = YES;
				SDKROOT = iphoneos;
				SWIFT_ACTIVE_COMPILATION_CONDITIONS = DEBUG;
				SWIFT_OPTIMIZATION_LEVEL = "-Onone";
			};
			name = Debug;
		};
		63FD94181FD60B9C001EA53E /* Release */ = {
			isa = XCBuildConfiguration;
			buildSettings = {
				ALWAYS_SEARCH_USER_PATHS = NO;
				CLANG_ANALYZER_NONNULL = YES;
				CLANG_ANALYZER_NUMBER_OBJECT_CONVERSION = YES_AGGRESSIVE;
				CLANG_CXX_LANGUAGE_STANDARD = "gnu++14";
				CLANG_CXX_LIBRARY = "libc++";
				CLANG_ENABLE_MODULES = YES;
				CLANG_ENABLE_OBJC_ARC = YES;
				CLANG_WARN_BLOCK_CAPTURE_AUTORELEASING = YES;
				CLANG_WARN_BOOL_CONVERSION = YES;
				CLANG_WARN_COMMA = YES;
				CLANG_WARN_CONSTANT_CONVERSION = YES;
				CLANG_WARN_DIRECT_OBJC_ISA_USAGE = YES_ERROR;
				CLANG_WARN_DOCUMENTATION_COMMENTS = YES;
				CLANG_WARN_EMPTY_BODY = YES;
				CLANG_WARN_ENUM_CONVERSION = YES;
				CLANG_WARN_INFINITE_RECURSION = YES;
				CLANG_WARN_INT_CONVERSION = YES;
				CLANG_WARN_NON_LITERAL_NULL_CONVERSION = YES;
				CLANG_WARN_OBJC_LITERAL_CONVERSION = YES;
				CLANG_WARN_OBJC_ROOT_CLASS = YES_ERROR;
				CLANG_WARN_RANGE_LOOP_ANALYSIS = YES;
				CLANG_WARN_STRICT_PROTOTYPES = YES;
				CLANG_WARN_SUSPICIOUS_MOVE = YES;
				CLANG_WARN_UNGUARDED_AVAILABILITY = YES_AGGRESSIVE;
				CLANG_WARN_UNREACHABLE_CODE = YES;
				CLANG_WARN__DUPLICATE_METHOD_MATCH = YES;
				CODE_SIGN_IDENTITY = "iPhone Developer";
				COPY_PHASE_STRIP = NO;
				DEBUG_INFORMATION_FORMAT = "dwarf-with-dsym";
				ENABLE_NS_ASSERTIONS = NO;
				ENABLE_STRICT_OBJC_MSGSEND = YES;
				GCC_C_LANGUAGE_STANDARD = gnu11;
				GCC_NO_COMMON_BLOCKS = YES;
				GCC_WARN_64_TO_32_BIT_CONVERSION = YES;
				GCC_WARN_ABOUT_RETURN_TYPE = YES_ERROR;
				GCC_WARN_UNDECLARED_SELECTOR = YES;
				GCC_WARN_UNINITIALIZED_AUTOS = YES_AGGRESSIVE;
				GCC_WARN_UNUSED_FUNCTION = YES;
				GCC_WARN_UNUSED_VARIABLE = YES;
				IPHONEOS_DEPLOYMENT_TARGET = 11.1;
				MTL_ENABLE_DEBUG_INFO = NO;
				SDKROOT = iphoneos;
				SWIFT_OPTIMIZATION_LEVEL = "-Owholemodule";
				VALIDATE_PRODUCT = YES;
			};
			name = Release;
		};
		63FD941A1FD60B9C001EA53E /* Debug */ = {
			isa = XCBuildConfiguration;
			baseConfigurationReference = 900B72182C40E969DF4A2061 /* Pods-WatsDat.debug.xcconfig */;
			buildSettings = {
				ASSETCATALOG_COMPILER_APPICON_NAME = AppIcon;
				"CODE_SIGN_IDENTITY[sdk=iphoneos*]" = "iPhone Developer";
				CODE_SIGN_STYLE = Automatic;
				DEVELOPMENT_TEAM = JVT8MX6EC7;
				INFOPLIST_FILE = WatsDat/Info.plist;
				LD_RUNPATH_SEARCH_PATHS = "$(inherited) @executable_path/Frameworks";
				PRODUCT_BUNDLE_IDENTIFIER = swati.GW.WatsDat;
				PRODUCT_NAME = "$(TARGET_NAME)";
				PROVISIONING_PROFILE_SPECIFIER = "";
				SWIFT_VERSION = 4.0;
				TARGETED_DEVICE_FAMILY = "1,2";
			};
			name = Debug;
		};
		63FD941B1FD60B9C001EA53E /* Release */ = {
			isa = XCBuildConfiguration;
			baseConfigurationReference = 075A472147ED87B8067AE6C8 /* Pods-WatsDat.release.xcconfig */;
			buildSettings = {
				ASSETCATALOG_COMPILER_APPICON_NAME = AppIcon;
				"CODE_SIGN_IDENTITY[sdk=iphoneos*]" = "iPhone Developer";
				CODE_SIGN_STYLE = Automatic;
				DEVELOPMENT_TEAM = JVT8MX6EC7;
				INFOPLIST_FILE = WatsDat/Info.plist;
				LD_RUNPATH_SEARCH_PATHS = "$(inherited) @executable_path/Frameworks";
				PRODUCT_BUNDLE_IDENTIFIER = swati.GW.WatsDat;
				PRODUCT_NAME = "$(TARGET_NAME)";
				PROVISIONING_PROFILE_SPECIFIER = "";
				SWIFT_VERSION = 4.0;
				TARGETED_DEVICE_FAMILY = "1,2";
			};
			name = Release;
		};
/* End XCBuildConfiguration section */

/* Begin XCConfigurationList section */
		63FD94021FD60B9C001EA53E /* Build configuration list for PBXProject "WatsDat" */ = {
			isa = XCConfigurationList;
			buildConfigurations = (
				63FD94171FD60B9C001EA53E /* Debug */,
				63FD94181FD60B9C001EA53E /* Release */,
			);
			defaultConfigurationIsVisible = 0;
			defaultConfigurationName = Release;
		};
		63FD94191FD60B9C001EA53E /* Build configuration list for PBXNativeTarget "WatsDat" */ = {
			isa = XCConfigurationList;
			buildConfigurations = (
				63FD941A1FD60B9C001EA53E /* Debug */,
				63FD941B1FD60B9C001EA53E /* Release */,
			);
			defaultConfigurationIsVisible = 0;
			defaultConfigurationName = Release;
		};
/* End XCConfigurationList section */
	};
	rootObject = 63FD93FF1FD60B9C001EA53E /* Project object */;
}
